
Microsoft Visual Studio Solution File, Format Version 12.00
# Visual Studio Version 16
VisualStudioVersion = 16.0.31402.337
MinimumVisualStudioVersion = 10.0.40219.1
Project("{FAE04EC0-301F-11D3-BF4B-00C04F79EFBC}") = "SwitchStatements", "SwitchStatements\SwitchStatements.csproj", "{76E67DC3-4A4D-468D-ACEB-6D51614C6945}"
EndProject
Global
	GlobalSection(SolutionConfigurationPlatforms) = preSolution
		Debug|Any CPU = Debug|Any CPU
		Release|Any CPU = Release|Any CPU
	EndGlobalSection
	GlobalSection(ProjectConfigurationPlatforms) = postSolution
		{76E67DC3-4A4D-468D-ACEB-6D51614C6945}.Debug|Any CPU.ActiveCfg = Debug|Any CPU
		{76E67DC3-4A4D-468D-ACEB-6D51614C6945}.Debug|Any CPU.Build.0 = Debug|Any CPU
		{76E67DC3-4A4D-468D-ACEB-6D51614C6945}.Release|Any CPU.ActiveCfg = Release|Any CPU
		{76E67DC3-4A4D-468D-ACEB-6D51614C6945}.Release|Any CPU.Build.0 = Release|Any CPU
	EndGlobalSection
	GlobalSection(SolutionProperties) = preSolution
		HideSolutionNode = FALSE
	EndGlobalSection
	GlobalSection(ExtensibilityGlobals) = postSolution
		SolutionGuid = {FC95B960-E33E-446B-9DE1-2BB4D3D66A07}
	EndGlobalSection
EndGlobal
